github.com/dave/jennifer v1.7.1 h1:B4jJJDHelWcDhlRQxWeo0Npa/pYKBLrirAQoTN45txo=
github.com/dave/jennifer v1.7.1/go.mod h1:nXbxhEmQfOZhWml3D1cDK5M1FLnMSozpbFN/m3RmGZc=
github.com/hdget/utils v0.0.1 h1:tdkKInkv2I97VRIcnsVy8FyMzFYBAiLL/FV4jlTPb6Q=
github.com/hdget/utils v0.0.1/go.mod h1:1cmY9zQ+KBpsaf58IJQ3kwv2+1NC4dCFLnT6qQG4028=
